
Microsoft Visual Studio Solution File, Format Version 12.00
# Visual Studio Version 16
VisualStudioVersion = 16.0.31424.327
MinimumVisualStudioVersion = 10.0.40219.1
Project("{888888A0-9F3D-457C-B088-3A5042F75D52}") = "Sodoku", "Sodoku\Sodoku.pyproj", "{8D90E439-DF93-4F89-93E1-D9D80A739A06}"
EndProject
Global
	GlobalSection(SolutionConfigurationPlatforms) = preSolution
		Debug|Any CPU = Debug|Any CPU
		Release|Any CPU = Release|Any CPU
	EndGlobalSection
	GlobalSection(ProjectConfigurationPlatforms) = postSolution
		{8D90E439-DF93-4F89-93E1-D9D80A739A06}.Debug|Any CPU.ActiveCfg = Debug|Any CPU
		{8D90E439-DF93-4F89-93E1-D9D80A739A06}.Release|Any CPU.ActiveCfg = Release|Any CPU
	EndGlobalSection
	GlobalSection(SolutionProperties) = preSolution
		HideSolutionNode = FALSE
	EndGlobalSection
	GlobalSection(ExtensibilityGlobals) = postSolution
		SolutionGuid = {7800E801-9E66-4DFE-9A0D-B5F1AAEF5172}
	EndGlobalSection
EndGlobal
